Microsoft Visual Studio Solution File, Format Version 12.00
# Visual Studio Version 17
VisualStudioVersion = 17.0.31903.59
MinimumVisualStudioVersion = 10.0.40219.1
Project("{FAE04EC0-301F-11D3-BF4B-00C04F79EFBC}") = "akismet", "src\akismet.csproj", "{98B27F68-6830-48B9-A6A4-02B45F0B3199}"
EndProject
Project("{FAE04EC0-301F-11D3-BF4B-00C04F79EFBC}") = "akismet.tests", "test\akismet.tests.csproj", "{638C627B-226F-400F-822E-7BCE8CF8CF41}"
EndProject
Global
	GlobalSection(SolutionConfigurationPlatforms) = preSolution
		Debug|Any CPU = Debug|Any CPU
		Release|Any CPU = Release|Any CPU
	EndGlobalSection
	GlobalSection(ProjectConfigurationPlatforms) = postSolution
		{98B27F68-6830-48B9-A6A4-02B45F0B3199}.Debug|Any CPU.ActiveCfg = Debug|Any CPU
		{98B27F68-6830-48B9-A6A4-02B45F0B3199}.Debug|Any CPU.Build.0 = Debug|Any CPU
		{98B27F68-6830-48B9-A6A4-02B45F0B3199}.Release|Any CPU.ActiveCfg = Release|Any CPU
		{98B27F68-6830-48B9-A6A4-02B45F0B3199}.Release|Any CPU.Build.0 = Release|Any CPU
		{638C627B-226F-400F-822E-7BCE8CF8CF41}.Debug|Any CPU.ActiveCfg = Debug|Any CPU
		{638C627B-226F-400F-822E-7BCE8CF8CF41}.Debug|Any CPU.Build.0 = Debug|Any CPU
		{638C627B-226F-400F-822E-7BCE8CF8CF41}.Release|Any CPU.ActiveCfg = Release|Any CPU
		{638C627B-226F-400F-822E-7BCE8CF8CF41}.Release|Any CPU.Build.0 = Release|Any CPU
	EndGlobalSection
	GlobalSection(SolutionProperties) = preSolution
		HideSolutionNode = FALSE
	EndGlobalSection
EndGlobal
